dependencies:
- name: spring-service
  repository: file://../charts/spring-service
  version: 0.1.0
- name: spring-service
  repository: file://../charts/spring-service
  version: 0.1.0
- name: spring-service
  repository: file://../charts/spring-service
  version: 0.1.0
- name: spring-service
  repository: file://../charts/spring-service
  version: 0.1.0
- name: spring-service
  repository: file://../charts/spring-service
  version: 0.1.0
- name: spring-service
  repository: file://../charts/spring-service
  version: 0.1.0
- name: spring-service
  repository: file://../charts/spring-service
  version: 0.1.0
- name: spring-service
  repository: file://../charts/spring-service
  version: 0.1.0
- name: spring-service
  repository: file://../charts/spring-service
  version: 0.1.0
- name: postgresql
  repository: file://../charts/postgresql
  version: 0.1.0
- name: keycloak
  repository: file://../charts/keycloak
  version: 0.1.0
- name: kafka
  repository: file://../charts/kafka
  version: 0.1.0
digest: sha256:af95e6770ddcf106a576928ef3abbdcb84bf6787f06ecaed6a6724264cff8a91
generated: "2026-08-27T16:15:06.6414122-04:00"
